
Microsoft Visual Studio Solution File, Format Version 12.00
# Visual Studio 15
VisualStudioVersion = 15.0.28307.421
MinimumVisualStudioVersion = 10.0.40219.1
Project("{FAE04EC0-301F-11D3-BF4B-00C04F79EFBC}") = "BAL.UIP.HW3.ArraysLoopsConditionalsMethods.ConsoleApp", "BAL.UIP.HW3.ArraysLoopsConditionalsMethods.ConsoleApp\BAL.UIP.HW3.ArraysLoopsConditionalsMethods.ConsoleApp.csproj", "{E28A102D-E449-4262-BC07-A74784402B2D}"
EndProject
Global
	GlobalSection(SolutionConfigurationPlatforms) = preSolution
		Debug|Any CPU = Debug|Any CPU
		Release|Any CPU = Release|Any CPU
	EndGlobalSection
	GlobalSection(ProjectConfigurationPlatforms) = postSolution
		{E28A102D-E449-4262-BC07-A74784402B2D}.Debug|Any CPU.ActiveCfg = Debug|Any CPU
		{E28A102D-E449-4262-BC07-A74784402B2D}.Debug|Any CPU.Build.0 = Debug|Any CPU
		{E28A102D-E449-4262-BC07-A74784402B2D}.Release|Any CPU.ActiveCfg = Release|Any CPU
		{E28A102D-E449-4262-BC07-A74784402B2D}.Release|Any CPU.Build.0 = Release|Any CPU
	EndGlobalSection
	GlobalSection(SolutionProperties) = preSolution
		HideSolutionNode = FALSE
	EndGlobalSection
	GlobalSection(ExtensibilityGlobals) = postSolution
		SolutionGuid = {73645B21-14A1-4850-9F73-909DB88774C8}
	EndGlobalSection
EndGlobal
