
Microsoft Visual Studio Solution File, Format Version 12.00
# Visual Studio 15
VisualStudioVersion = 15.0.28307.421
MinimumVisualStudioVersion = 10.0.40219.1
Project("{FAE04EC0-301F-11D3-BF4B-00C04F79EFBC}") = "BAL.UIP.ClassWork.20190405.ConsoleAppInheritance", "BAL.UIP.ClassWork.20190405.ConsoleAppInheritance\BAL.UIP.ClassWork.20190405.ConsoleAppInheritance.csproj", "{8859AF26-70DE-412B-B1DE-2D2B914D9E4F}"
EndProject
Project("{FAE04EC0-301F-11D3-BF4B-00C04F79EFBC}") = "BAL.UIP.ClassWork.20190405.ConsoleAppChain", "BAL.UIP.ClassWork.20190405.ConsoleAppChain\BAL.UIP.ClassWork.20190405.ConsoleAppChain.csproj", "{BC3D8CCE-1B4F-4FA9-8788-209403BE84F3}"
EndProject
Global
	GlobalSection(SolutionConfigurationPlatforms) = preSolution
		Debug|Any CPU = Debug|Any CPU
		Release|Any CPU = Release|Any CPU
	EndGlobalSection
	GlobalSection(ProjectConfigurationPlatforms) = postSolution
		{8859AF26-70DE-412B-B1DE-2D2B914D9E4F}.Debug|Any CPU.ActiveCfg = Debug|Any CPU
		{8859AF26-70DE-412B-B1DE-2D2B914D9E4F}.Debug|Any CPU.Build.0 = Debug|Any CPU
		{8859AF26-70DE-412B-B1DE-2D2B914D9E4F}.Release|Any CPU.ActiveCfg = Release|Any CPU
		{8859AF26-70DE-412B-B1DE-2D2B914D9E4F}.Release|Any CPU.Build.0 = Release|Any CPU
		{BC3D8CCE-1B4F-4FA9-8788-209403BE84F3}.Debug|Any CPU.ActiveCfg = Debug|Any CPU
		{BC3D8CCE-1B4F-4FA9-8788-209403BE84F3}.Debug|Any CPU.Build.0 = Debug|Any CPU
		{BC3D8CCE-1B4F-4FA9-8788-209403BE84F3}.Release|Any CPU.ActiveCfg = Release|Any CPU
		{BC3D8CCE-1B4F-4FA9-8788-209403BE84F3}.Release|Any CPU.Build.0 = Release|Any CPU
	EndGlobalSection
	GlobalSection(SolutionProperties) = preSolution
		HideSolutionNode = FALSE
	EndGlobalSection
	GlobalSection(ExtensibilityGlobals) = postSolution
		SolutionGuid = {3E7D7512-2788-4B85-A602-AE722147636E}
	EndGlobalSection
EndGlobal
