
Microsoft Visual Studio Solution File, Format Version 12.00
# Visual Studio 15
VisualStudioVersion = 15.0.28307.421
MinimumVisualStudioVersion = 10.0.40219.1
Project("{FAE04EC0-301F-11D3-BF4B-00C04F79EFBC}") = "WpfApp", "WpfApp\WpfApp.csproj", "{608024F1-80CB-424A-8E74-342AB0FE0072}"
EndProject
Global
	GlobalSection(SolutionConfigurationPlatforms) = preSolution
		Debug|Any CPU = Debug|Any CPU
		Release|Any CPU = Release|Any CPU
	EndGlobalSection
	GlobalSection(ProjectConfigurationPlatforms) = postSolution
		{608024F1-80CB-424A-8E74-342AB0FE0072}.Debug|Any CPU.ActiveCfg = Debug|Any CPU
		{608024F1-80CB-424A-8E74-342AB0FE0072}.Debug|Any CPU.Build.0 = Debug|Any CPU
		{608024F1-80CB-424A-8E74-342AB0FE0072}.Release|Any CPU.ActiveCfg = Release|Any CPU
		{608024F1-80CB-424A-8E74-342AB0FE0072}.Release|Any CPU.Build.0 = Release|Any CPU
	EndGlobalSection
	GlobalSection(SolutionProperties) = preSolution
		HideSolutionNode = FALSE
	EndGlobalSection
	GlobalSection(ExtensibilityGlobals) = postSolution
		SolutionGuid = {32349439-A89D-4980-BB82-41EFACDFC4B9}
	EndGlobalSection
EndGlobal
